{
    "_meta": {
        "hash": {
            "sha256": "6b6f7767fde6dc7f85dbdc29ce6f011a455c7341dd5f877be42a41270db6defe"
        },
        "pipfile-spec": 6,
        "requires": {
            "python_version": "3.10"
        },
        "sources": [
            {
                "name": "pypi",
                "url": "https://pypi.org/simple",
                "verify_ssl": true
            }
        ]
    },
    "default": {
        "anyio": {
            "hashes": [
                "sha256:413adf95f93886e442aea925f3ee43baa5a765a64a0f52c6081894f9992fdd0b",
                "sha256:cb29b9c70620506a9a8f87a309591713446953302d7d995344d0d7c6c0c9a7be"
            ],
            "markers": "python_full_version >= '3.6.2'",
            "version": "==3.6.1"
        },
        "asgiref": {
            "hashes": [
                "sha256:1d2880b792ae8757289136f1db2b7b99100ce959b2aa57fd69dab783d05afac4",
                "sha256:4a29362a6acebe09bf1d6640db38c1dc3d9217c68e6f9f6204d72667fc19a424"
            ],
            "markers": "python_version >= '3.7'",
            "version": "==3.5.2"
        },
        "authlib": {
            "hashes": [
                "sha256:1286e2d5ef5bfe5a11cc2d0a0d1031f0393f6ce4d61f5121cfe87fa0054e98bd",
                "sha256:6e74a4846ac36dfc882b3cc2fbd3d9eb410a627f2f2dc11771276655345223b1"
            ],
            "index": "pypi",
            "version": "==1.0.1"
        },
        "beautifulsoup4": {
            "hashes": [
                "sha256:58d5c3d29f5a36ffeb94f02f0d786cd53014cf9b3b3951d42e0080d8a9498d30",
                "sha256:ad9aa55b65ef2808eb405f46cf74df7fcb7044d5cbc26487f96eb2ef2e436693"
            ],
            "markers": "python_version >= '3.6'",
            "version": "==4.11.1"
        },
        "bs4": {
            "hashes": [
                "sha256:36ecea1fd7cc5c0c6e4a1ff075df26d50da647b75376626cc186e2212886dd3a"
            ],
            "index": "pypi",
            "version": "==0.0.1"
        },
        "certifi": {
            "hashes": [
                "sha256:43dadad18a7f168740e66944e4fa82c6611848ff9056ad910f8f7a3e46ab89e0",
                "sha256:cffdcd380919da6137f76633531a5817e3a9f268575c128249fb637e4f9e73fb"
            ],
            "markers": "python_version >= '3.6'",
            "version": "==2022.6.15.1"
        },
        "cffi": {
            "hashes": [
                "sha256:00a9ed42e88df81ffae7a8ab6d9356b371399b91dbdf0c3cb1e84c03a13aceb5",
                "sha256:03425bdae262c76aad70202debd780501fabeaca237cdfddc008987c0e0f59ef",
                "sha256:04ed324bda3cda42b9b695d51bb7d54b680b9719cfab04227cdd1e04e5de3104",
                "sha256:0e2642fe3142e4cc4af0799748233ad6da94c62a8bec3a6648bf8ee68b1c7426",
                "sha256:173379135477dc8cac4bc58f45db08ab45d228b3363adb7af79436135d028405",
                "sha256:198caafb44239b60e252492445da556afafc7d1e3ab7a1fb3f0584ef6d742375",
                "sha256:1e74c6b51a9ed6589199c787bf5f9875612ca4a8a0785fb2d4a84429badaf22a",
                "sha256:2012c72d854c2d03e45d06ae57f40d78e5770d252f195b93f581acf3ba44496e",
                "sha256:21157295583fe8943475029ed5abdcf71eb3911894724e360acff1d61c1d54bc",
                "sha256:2470043b93ff09bf8fb1d46d1cb756ce6132c54826661a32d4e4d132e1977adf",
                "sha256:285d29981935eb726a4399badae8f0ffdff4f5050eaa6d0cfc3f64b857b77185",
                "sha256:30d78fbc8ebf9c92c9b7823ee18eb92f2e6ef79b45ac84db507f52fbe3ec4497",
                "sha256:320dab6e7cb2eacdf0e658569d2575c4dad258c0fcc794f46215e1e39f90f2c3",
                "sha256:33ab79603146aace82c2427da5ca6e58f2b3f2fb5da893ceac0c42218a40be35",
                "sha256:3548db281cd7d2561c9ad9984681c95f7b0e38881201e157833a2342c30d5e8c",
                "sha256:3799aecf2e17cf585d977b780ce79ff0dc9b78d799fc694221ce814c2c19db83",
                "sha256:39d39875251ca8f612b6f33e6b1195af86d1b3e60086068be9cc053aa4376e21",
                "sha256:3b926aa83d1edb5aa5b427b4053dc420ec295a08e40911296b9eb1b6170f6cca",
                "sha256:3bcde07039e586f91b45c88f8583ea7cf7a0770df3a1649627bf598332cb6984",
                "sha256:3d08afd128ddaa624a48cf2b859afef385b720bb4b43df214f85616922e6a5ac",
                "sha256:3eb6971dcff08619f8d91607cfc726518b6fa2a9eba42856be181c6d0d9515fd",
                "sha256:40f4774f5a9d4f5e344f31a32b5096977b5d48560c5592e2f3d2c4374bd543ee",
                "sha256:4289fc34b2f5316fbb762d75362931e351941fa95fa18789191b33fc4cf9504a",
                "sha256:470c103ae716238bbe698d67ad020e1db9d9dba34fa5a899b5e21577e6d52ed2",
                "sha256:4f2c9f67e9821cad2e5f480bc8d83b8742896f1242dba247911072d4fa94c192",
                "sha256:50a74364d85fd319352182ef59c5c790484a336f6db772c1a9231f1c3ed0cbd7",
                "sha256:54a2db7b78338edd780e7ef7f9f6c442500fb0d41a5a4ea24fff1c929d5af585",
                "sha256:5635bd9cb9731e6d4a1132a498dd34f764034a8ce60cef4f5319c0541159392f",
                "sha256:59c0b02d0a6c384d453fece7566d1c7e6b7bae4fc5874ef2ef46d56776d61c9e",
                "sha256:5d598b938678ebf3c67377cdd45e09d431369c3b1a5b331058c338e201f12b27",
                "sha256:5df2768244d19ab7f60546d0c7c63ce1581f7af8b5de3eb3004b9b6fc8a9f84b",
                "sha256:5ef34d190326c3b1f822a5b7a45f6c4535e2f47ed06fec77d3d799c450b2651e",
                "sha256:6975a3fac6bc83c4a65c9f9fcab9e47019a11d3d2cf7f3c0d03431bf145a941e",
                "sha256:6c9a799e985904922a4d207a94eae35c78ebae90e128f0c4e521ce339396be9d",
                "sha256:70df4e3b545a17496c9b3f41f5115e69a4f2e77e94e1d2a8e1070bc0c38c8a3c",
                "sha256:7473e861101c9e72452f9bf8acb984947aa1661a7704553a9f6e4baa5ba64415",
                "sha256:8102eaf27e1e448db915d08afa8b41d6c7ca7a04b7d73af6514df10a3e74bd82",
                "sha256:87c450779d0914f2861b8526e035c5e6da0a3199d8f1add1a665e1cbc6fc6d02",
                "sha256:8b7ee99e510d7b66cdb6c593f21c043c248537a32e0bedf02e01e9553a172314",
                "sha256:91fc98adde3d7881af9b59ed0294046f3806221863722ba7d8d120c575314325",
                "sha256:94411f22c3985acaec6f83c6df553f2dbe17b698cc7f8ae751ff2237d96b9e3c",
                "sha256:98d85c6a2bef81588d9227dde12db8a7f47f639f4a17c9ae08e773aa9c697bf3",
                "sha256:9ad5db27f9cabae298d151c85cf2bad1d359a1b9c686a275df03385758e2f914",
                "sha256:a0b71b1b8fbf2b96e41c4d990244165e2c9be83d54962a9a1d118fd8657d2045",
                "sha256:a0f100c8912c114ff53e1202d0078b425bee3649ae34d7b070e9697f93c5d52d",
                "sha256:a591fe9e525846e4d154205572a029f653ada1a78b93697f3b5a8f1f2bc055b9",
                "sha256:a5c84c68147988265e60416b57fc83425a78058853509c1b0629c180094904a5",
                "sha256:a66d3508133af6e8548451b25058d5812812ec3798c886bf38ed24a98216fab2",
                "sha256:a8c4917bd7ad33e8eb21e9a5bbba979b49d9a97acb3a803092cbc1133e20343c",
                "sha256:b3bbeb01c2b273cca1e1e0c5df57f12dce9a4dd331b4fa1635b8bec26350bde3",
                "sha256:cba9d6b9a7d64d4bd46167096fc9d2f835e25d7e4c121fb2ddfc6528fb0413b2",
                "sha256:cc4d65aeeaa04136a12677d3dd0b1c0c94dc43abac5860ab33cceb42b801c1e8",
                "sha256:ce4bcc037df4fc5e3d184794f27bdaab018943698f4ca31630bc7f84a7b69c6d",
                "sha256:cec7d9412a9102bdc577382c3929b337320c4c4c4849f2c5cdd14d7368c5562d",
                "sha256:d400bfb9a37b1351253cb402671cea7e89bdecc294e8016a707f6d1d8ac934f9",
                "sha256:d61f4695e6c866a23a21acab0509af1cdfd2c013cf256bbf5b6b5e2695827162",
                "sha256:db0fbb9c62743ce59a9ff687eb5f4afbe77e5e8403d6697f7446e5f609976f76",
                "sha256:dd86c085fae2efd48ac91dd7ccffcfc0571387fe1193d33b6394db7ef31fe2a4",
                "sha256:e00b098126fd45523dd056d2efba6c5a63b71ffe9f2bbe1a4fe1716e1d0c331e",
                "sha256:e229a521186c75c8ad9490854fd8bbdd9a0c9aa3a524326b55be83b54d4e0ad9",
                "sha256:e263d77ee3dd201c3a142934a086a4450861778baaeeb45db4591ef65550b0a6",
                "sha256:ed9cb427ba5504c1dc15ede7d516b84757c3e3d7868ccc85121d9310d27eed0b",
                "sha256:fa6693661a4c91757f4412306191b6dc88c1703f780c8234035eac011922bc01",
                "sha256:fcd131dd944808b5bdb38e6f5b53013c5aa4f334c5cad0c72742f6eba4b73db0"
            ],
            "version": "==1.15.1"
        },
        "charset-normalizer": {
            "hashes": [
                "sha256:5a3d016c7c547f69d6f81fb0db9449ce888b418b5b9952cc5e6e66843e9dd845",
                "sha256:83e9a75d1911279afd89352c68b45348559d1fc0506b054b346651b5e7fee29f"
            ],
            "markers": "python_version >= '3.6'",
            "version": "==2.1.1"
        },
        "cryptography": {
            "hashes": [
                "sha256:0297ffc478bdd237f5ca3a7dc96fc0d315670bfa099c04dc3a4a2172008a405a",
                "sha256:10d1f29d6292fc95acb597bacefd5b9e812099d75a6469004fd38ba5471a977f",
                "sha256:16fa61e7481f4b77ef53991075de29fc5bacb582a1244046d2e8b4bb72ef66d0",
                "sha256:194044c6b89a2f9f169df475cc167f6157eb9151cc69af8a2a163481d45cc407",
                "sha256:1db3d807a14931fa317f96435695d9ec386be7b84b618cc61cfa5d08b0ae33d7",
                "sha256:3261725c0ef84e7592597606f6583385fed2a5ec3909f43bc475ade9729a41d6",
                "sha256:3b72c360427889b40f36dc214630e688c2fe03e16c162ef0aa41da7ab1455153",
                "sha256:3e3a2599e640927089f932295a9a247fc40a5bdf69b0484532f530471a382750",
                "sha256:3fc26e22840b77326a764ceb5f02ca2d342305fba08f002a8c1f139540cdfaad",
                "sha256:5067ee7f2bce36b11d0e334abcd1ccf8c541fc0bbdaf57cdd511fdee53e879b6",
                "sha256:52e7bee800ec869b4031093875279f1ff2ed12c1e2f74923e8f49c916afd1d3b",
                "sha256:64760ba5331e3f1794d0bcaabc0d0c39e8c60bf67d09c93dc0e54189dfd7cfe5",
                "sha256:765fa194a0f3372d83005ab83ab35d7c5526c4e22951e46059b8ac678b44fa5a",
                "sha256:79473cf8a5cbc471979bd9378c9f425384980fcf2ab6534b18ed7d0d9843987d",
                "sha256:896dd3a66959d3a5ddcfc140a53391f69ff1e8f25d93f0e2e7830c6de90ceb9d",
                "sha256:89ed49784ba88c221756ff4d4755dbc03b3c8d2c5103f6d6b4f83a0fb1e85294",
                "sha256:ac7e48f7e7261207d750fa7e55eac2d45f720027d5703cd9007e9b37bbb59ac0",
                "sha256:ad7353f6ddf285aeadfaf79e5a6829110106ff8189391704c1d8801aa0bae45a",
                "sha256:b0163a849b6f315bf52815e238bc2b2346604413fa7c1601eea84bcddb5fb9ac",
                "sha256:b6c9b706316d7b5a137c35e14f4103e2115b088c412140fdbd5f87c73284df61",
                "sha256:c2e5856248a416767322c8668ef1845ad46ee62629266f84a8f007a317141013",
                "sha256:ca9f6784ea96b55ff41708b92c3f6aeaebde4c560308e5fbbd3173fbc466e94e",
                "sha256:d1a5bd52d684e49a36582193e0b89ff267704cd4025abefb9e26803adeb3e5fb",
                "sha256:d3971e2749a723e9084dd507584e2a2761f78ad2c638aa31e80bc7a15c9db4f9",
                "sha256:d4ef6cc305394ed669d4d9eebf10d3a101059bdcf2669c366ec1d14e4fb227bd",
                "sha256:d9e69ae01f99abe6ad646947bba8941e896cb3aa805be2597a0400e0764b5818"
            ],
            "markers": "python_version >= '3.6'",
            "version": "==38.0.1"
        },
        "django": {
            "hashes": [
                "sha256:a153ffd5143bf26a877bfae2f4ec736ebd8924a46600ca089ad96b54a1d4e28e",
                "sha256:acb21fac9275f9972d81c7caf5761a89ec3ea25fe74545dd26b8a48cb3a0203e"
            ],
            "index": "pypi",
            "version": "==4.1.1"
        },
        "fastapi": {
            "hashes": [
                "sha256:694a2b6c2607a61029a4be1c6613f84d74019cb9f7a41c7a475dca8e715f9368",
                "sha256:96eb692350fe13d7a9843c3c87a874f0d45102975257dd224903efd6c0fde3bd"
            ],
            "index": "pypi",
            "version": "==0.83.0"
        },
        "filelock": {
            "hashes": [
                "sha256:55447caa666f2198c5b6b13a26d2084d26fa5b115c00d065664b2124680c4edc",
                "sha256:617eb4e5eedc82fc5f47b6d61e4d11cb837c56cb4544e39081099fa17ad109d4"
            ],
            "markers": "python_version >= '3.7'",
            "version": "==3.8.0"
        },
        "huggingface-hub": {
            "hashes": [
                "sha256:6395f26aaf44bbb4a73d3e14aca228fa39534696f651c6c82a6347f8c9f5950b",
                "sha256:7a588046bdeb84e7bc99b3da58bbb4312a56d94ba51ebc60dfe610c18b3d0b9f"
            ],
            "markers": "python_version >= '3.7'",
            "version": "==0.9.1"
        },
        "idna": {
            "hashes": [
                "sha256:84d9dd047ffa80596e0f246e2eab0b391788b0503584e8945f2368256d2735ff",
                "sha256:9d643ff0a55b762d5cdb124b8eaa99c66322e2157b69160bc32796e824360e6d"
            ],
            "markers": "python_version >= '3.5'",
            "version": "==3.3"
        },
        "numpy": {
            "hashes": [
                "sha256:004f0efcb2fe1c0bd6ae1fcfc69cc8b6bf2407e0f18be308612007a0762b4089",
                "sha256:09f6b7bdffe57fc61d869a22f506049825d707b288039d30f26a0d0d8ea05164",
                "sha256:0ea3f98a0ffce3f8f57675eb9119f3f4edb81888b6874bc1953f91e0b1d4f440",
                "sha256:17c0e467ade9bda685d5ac7f5fa729d8d3e76b23195471adae2d6a6941bd2c18",
                "sha256:1f27b5322ac4067e67c8f9378b41c746d8feac8bdd0e0ffede5324667b8a075c",
                "sha256:22d43376ee0acd547f3149b9ec12eec2f0ca4a6ab2f61753c5b29bb3e795ac4d",
                "sha256:2ad3ec9a748a8943e6eb4358201f7e1c12ede35f510b1a2221b70af4bb64295c",
                "sha256:301c00cf5e60e08e04d842fc47df641d4a181e651c7135c50dc2762ffe293dbd",
                "sha256:39a664e3d26ea854211867d20ebcc8023257c1800ae89773cbba9f9e97bae036",
                "sha256:51bf49c0cd1d52be0a240aa66f3458afc4b95d8993d2d04f0d91fa60c10af6cd",
                "sha256:78a63d2df1d947bd9d1b11d35564c2f9e4b57898aae4626638056ec1a231c40c",
                "sha256:7cd1328e5bdf0dee621912f5833648e2daca72e3839ec1d6695e91089625f0b4",
                "sha256:8355fc10fd33a5a70981a5b8a0de51d10af3688d7a9e4a34fcc8fa0d7467bb7f",
                "sha256:8c79d7cf86d049d0c5089231a5bcd31edb03555bd93d81a16870aa98c6cfb79d",
                "sha256:91b8d6768a75247026e951dce3b2aac79dc7e78622fc148329135ba189813584",
                "sha256:94c15ca4e52671a59219146ff584488907b1f9b3fc232622b47e2cf832e94fb8",
                "sha256:98dcbc02e39b1658dc4b4508442a560fe3ca5ca0d989f0df062534e5ca3a5c1a",
                "sha256:a64403f634e5ffdcd85e0b12c08f04b3080d3e840aef118721021f9b48fc1460",
                "sha256:bc6e8da415f359b578b00bcfb1d08411c96e9a97f9e6c7adada554a0812a6cc6",
                "sha256:bdc9febce3e68b697d931941b263c59e0c74e8f18861f4064c1f712562903411",
                "sha256:c1ba66c48b19cc9c2975c0d354f24058888cdc674bebadceb3cdc9ec403fb5d1",
                "sha256:c9f707b5bb73bf277d812ded9896f9512a43edff72712f31667d0a8c2f8e71ee",
                "sha256:d5422d6a1ea9b15577a9432e26608c73a78faf0b9039437b075cf322c92e98e7",
                "sha256:e5d5420053bbb3dd64c30e58f9363d7a9c27444c3648e61460c1237f9ec3fa14",
                "sha256:e868b0389c5ccfc092031a861d4e158ea164d8b7fdbb10e3b5689b4fc6498df6",
                "sha256:efd9d3abe5774404becdb0748178b48a218f1d8c44e0375475732211ea47c67e",
                "sha256:f8c02ec3c4c4fcb718fdf89a6c6f709b14949408e8cf2a2be5bfa9c49548fd85",
                "sha256:ffcf105ecdd9396e05a8e58e81faaaf34d3f9875f137c7372450baa5d77c9a54"
            ],
            "markers": "python_version >= '3.8'",
            "version": "==1.23.3"
        },
        "packaging": {
            "hashes": [
                "sha256:dd47c42927d89ab911e606518907cc2d3a1f38bbd026385970643f9c5b8ecfeb",
                "sha256:ef103e05f519cdc783ae24ea4e2e0f508a9c99b2d4969652eed6a2e1ea5bd522"
            ],
            "markers": "python_version >= '3.6'",
            "version": "==21.3"
        },
        "pycparser": {
            "hashes": [
                "sha256:8ee45429555515e1f6b185e78100aea234072576aa43ab53aefcae078162fca9",
                "sha256:e644fdec12f7872f86c58ff790da456218b10f863970249516d60a5eaca77206"
            ],
            "version": "==2.21"
        },
        "pydantic": {
            "hashes": [
                "sha256:05e00dbebbe810b33c7a7362f231893183bcc4251f3f2ff991c31d5c08240c42",
                "sha256:06094d18dd5e6f2bbf93efa54991c3240964bb663b87729ac340eb5014310624",
                "sha256:0b959f4d8211fc964772b595ebb25f7652da3f22322c007b6fed26846a40685e",
                "sha256:19b3b9ccf97af2b7519c42032441a891a5e05c68368f40865a90eb88833c2559",
                "sha256:1b6ee725bd6e83ec78b1aa32c5b1fa67a3a65badddde3976bca5fe4568f27709",
                "sha256:1ee433e274268a4b0c8fde7ad9d58ecba12b069a033ecc4645bb6303c062d2e9",
                "sha256:216f3bcbf19c726b1cc22b099dd409aa371f55c08800bcea4c44c8f74b73478d",
                "sha256:2d0567e60eb01bccda3a4df01df677adf6b437958d35c12a3ac3e0f078b0ee52",
                "sha256:2e05aed07fa02231dbf03d0adb1be1d79cabb09025dd45aa094aa8b4e7b9dcda",
                "sha256:352aedb1d71b8b0736c6d56ad2bd34c6982720644b0624462059ab29bd6e5912",
                "sha256:355639d9afc76bcb9b0c3000ddcd08472ae75318a6eb67a15866b87e2efa168c",
                "sha256:37c90345ec7dd2f1bcef82ce49b6235b40f282b94d3eec47e801baf864d15525",
                "sha256:4b8795290deaae348c4eba0cebb196e1c6b98bdbe7f50b2d0d9a4a99716342fe",
                "sha256:5760e164b807a48a8f25f8aa1a6d857e6ce62e7ec83ea5d5c5a802eac81bad41",
                "sha256:6eb843dcc411b6a2237a694f5e1d649fc66c6064d02b204a7e9d194dff81eb4b",
                "sha256:7b5ba54d026c2bd2cb769d3468885f23f43710f651688e91f5fb1edcf0ee9283",
                "sha256:7c2abc4393dea97a4ccbb4ec7d8658d4e22c4765b7b9b9445588f16c71ad9965",
                "sha256:81a7b66c3f499108b448f3f004801fcd7d7165fb4200acb03f1c2402da73ce4c",
                "sha256:91b8e218852ef6007c2b98cd861601c6a09f1aa32bbbb74fab5b1c33d4a1e410",
                "sha256:9300fcbebf85f6339a02c6994b2eb3ff1b9c8c14f502058b5bf349d42447dcf5",
                "sha256:9cabf4a7f05a776e7793e72793cd92cc865ea0e83a819f9ae4ecccb1b8aa6116",
                "sha256:a1f5a63a6dfe19d719b1b6e6106561869d2efaca6167f84f5ab9347887d78b98",
                "sha256:a4c805731c33a8db4b6ace45ce440c4ef5336e712508b4d9e1aafa617dc9907f",
                "sha256:ae544c47bec47a86bc7d350f965d8b15540e27e5aa4f55170ac6a75e5f73b644",
                "sha256:b97890e56a694486f772d36efd2ba31612739bc6f3caeee50e9e7e3ebd2fdd13",
                "sha256:bb6ad4489af1bac6955d38ebcb95079a836af31e4c4f74aba1ca05bb9f6027bd",
                "sha256:bedf309630209e78582ffacda64a21f96f3ed2e51fbf3962d4d488e503420254",
                "sha256:c1ba1afb396148bbc70e9eaa8c06c1716fdddabaf86e7027c5988bae2a829ab6",
                "sha256:c33602f93bfb67779f9c507e4d69451664524389546bacfe1bee13cae6dc7488",
                "sha256:c4aac8e7103bf598373208f6299fa9a5cfd1fc571f2d40bf1dd1955a63d6eeb5",
                "sha256:c6f981882aea41e021f72779ce2a4e87267458cc4d39ea990729e21ef18f0f8c",
                "sha256:cc78cc83110d2f275ec1970e7a831f4e371ee92405332ebfe9860a715f8336e1",
                "sha256:d49f3db871575e0426b12e2f32fdb25e579dea16486a26e5a0474af87cb1ab0a",
                "sha256:dd3f9a40c16daf323cf913593083698caee97df2804aa36c4b3175d5ac1b92a2",
                "sha256:e0bedafe4bc165ad0a56ac0bd7695df25c50f76961da29c050712596cf092d6d",
                "sha256:e9069e1b01525a96e6ff49e25876d90d5a563bc31c658289a8772ae186552236"
            ],
            "markers": "python_version >= '3.7'",
            "version": "==1.10.2"
        },
        "pyparsing": {
            "hashes": [
                "sha256:2b020ecf7d21b687f219b71ecad3631f644a47f01403fa1d1036b0c6416d70fb",
                "sha256:5026bae9a10eeaefb61dab2f09052b9f4307d44aee4eda64b309723d8d206bbc"
            ],
            "markers": "python_full_version >= '3.6.8'",
            "version": "==3.0.9"
        },
        "python-dotenv": {
            "hashes": [
                "sha256:1684eb44636dd462b66c3ee016599815514527ad99965de77f43e0944634a7e5",
                "sha256:b77d08274639e3d34145dfa6c7008e66df0f04b7be7a75fd0d5292c191d79045"
            ],
            "index": "pypi",
            "version": "==0.21.0"
        },
        "pyyaml": {
            "hashes": [
                "sha256:0283c35a6a9fbf047493e3a0ce8d79ef5030852c51e9d911a27badfde0605293",
                "sha256:055d937d65826939cb044fc8c9b08889e8c743fdc6a32b33e2390f66013e449b",
                "sha256:07751360502caac1c067a8132d150cf3d61339af5691fe9e87803040dbc5db57",
                "sha256:0b4624f379dab24d3725ffde76559cff63d9ec94e1736b556dacdfebe5ab6d4b",
                "sha256:0ce82d761c532fe4ec3f87fc45688bdd3a4c1dc5e0b4a19814b9009a29baefd4",
                "sha256:1e4747bc279b4f613a09eb64bba2ba602d8a6664c6ce6396a4d0cd413a50ce07",
                "sha256:213c60cd50106436cc818accf5baa1aba61c0189ff610f64f4a3e8c6726218ba",
                "sha256:231710d57adfd809ef5d34183b8ed1eeae3f76459c18fb4a0b373ad56bedcdd9",
                "sha256:277a0ef2981ca40581a47093e9e2d13b3f1fbbeffae064c1d21bfceba2030287",
                "sha256:2cd5df3de48857ed0544b34e2d40e9fac445930039f3cfe4bcc592a1f836d513",
                "sha256:40527857252b61eacd1d9af500c3337ba8deb8fc298940291486c465c8b46ec0",
                "sha256:473f9edb243cb1935ab5a084eb238d842fb8f404ed2193a915d1784b5a6b5fc0",
                "sha256:48c346915c114f5fdb3ead70312bd042a953a8ce5c7106d5bfb1a5254e47da92",
                "sha256:50602afada6d6cbfad699b0c7bb50d5ccffa7e46a3d738092afddc1f9758427f",
                "sha256:68fb519c14306fec9720a2a5b45bc9f0c8d1b9c72adf45c37baedfcd949c35a2",
                "sha256:77f396e6ef4c73fdc33a9157446466f1cff553d979bd00ecb64385760c6babdc",
                "sha256:819b3830a1543db06c4d4b865e70ded25be52a2e0631ccd2f6a47a2822f2fd7c",
                "sha256:897b80890765f037df3403d22bab41627ca8811ae55e9a722fd0392850ec4d86",
                "sha256:98c4d36e99714e55cfbaaee6dd5badbc9a1ec339ebfc3b1f52e293aee6bb71a4",
                "sha256:9df7ed3b3d2e0ecfe09e14741b857df43adb5a3ddadc919a2d94fbdf78fea53c",
                "sha256:9fa600030013c4de8165339db93d182b9431076eb98eb40ee068700c9c813e34",
                "sha256:a80a78046a72361de73f8f395f1f1e49f956c6be882eed58505a15f3e430962b",
                "sha256:b3d267842bf12586ba6c734f89d1f5b871df0273157918b0ccefa29deb05c21c",
                "sha256:b5b9eccad747aabaaffbc6064800670f0c297e52c12754eb1d976c57e4f74dcb",
                "sha256:c5687b8d43cf58545ade1fe3e055f70eac7a5a1a0bf42824308d868289a95737",
                "sha256:cba8c411ef271aa037d7357a2bc8f9ee8b58b9965831d9e51baf703280dc73d3",
                "sha256:d15a181d1ecd0d4270dc32edb46f7cb7733c7c508857278d3d378d14d606db2d",
                "sha256:d4db7c7aef085872ef65a8fd7d6d09a14ae91f691dec3e87ee5ee0539d516f53",
                "sha256:d4eccecf9adf6fbcc6861a38015c2a64f38b9d94838ac1810a9023a0609e1b78",
                "sha256:d67d839ede4ed1b28a4e8909735fc992a923cdb84e618544973d7dfc71540803",
                "sha256:daf496c58a8c52083df09b80c860005194014c3698698d1a57cbcfa182142a3a",
                "sha256:e61ceaab6f49fb8bdfaa0f92c4b57bcfbea54c09277b1b4f7ac376bfb7a7c174",
                "sha256:f84fbc98b019fef2ee9a1cb3ce93e3187a6df0b2538a651bfb890254ba9f90b5"
            ],
            "markers": "python_version >= '3.6'",
            "version": "==6.0"
        },
        "regex": {
            "hashes": [
                "sha256:01a01a69f1f82691675c35ec282f44ad2d0a2c27558f6238f8cd2d29616a150e",
                "sha256:043625b6115e290c12d736ab9872fd9fe0ac3cf43779411e9ade5496f60f1352",
                "sha256:06b3c5a0e12048902575e7ec41717807db07c06f94f8ac7ca2ca577f3412d48b",
                "sha256:0824f163c26bc1684ebd9fe4d8c77ae6aceb4aa560c06cd050429b028dc5c3e2",
                "sha256:0d7df2af1341cee32a03466b59b37c418bedb83863b5feba8ec4c70ad5de3dee",
                "sha256:0d86877f721d671ec2e368341c48b762883e1ede39fc1fb78ee68b8cf0c82696",
                "sha256:0ec603781007ae2506dba040fe9e770f2b2ae00d8b55793f56392fe6cf5a2b72",
                "sha256:0f37a2c670856e4530b820accacb3ea6e4ab9bb1c7e3c59153cb96b6cd204ad5",
                "sha256:0f79ebe9a055359410d33090195ea8a3869c591c6cedb125741c0a05f372d85c",
                "sha256:1210923af1a9152400308abb0156a3c9a2e4a3a3a9ab0aa2f1713a9859a3809b",
                "sha256:12655ea0f3bac970bc0421ef6504a585eab6238dee988921395ea1c6fe19a792",
                "sha256:161963b448c7dfdb2dd78c87e2c7882a536583d46e9ab4b7fb350f5196283720",
                "sha256:1c3133a547b78886e2cc01a2fa1c0a0dae9b5a7201cbaec98d4e33e593536d17",
                "sha256:1c71e74a0174a742b14e7ca30e28c69a3bf895e7f92aaac1cb5bd84f231565d6",
                "sha256:1dde2c60cd015afb04314e55b4270e763aa401099819e80ae41d79886d4ca47e",
                "sha256:1f45b7e96ecdfc36023e33d680af2f5033a418c9ef36efba03f324fc4d9b4f4c",
                "sha256:2057e34d7af62c8bae1f6bfae585eba9d64ba0c95a5462380e16d842118da7c9",
                "sha256:212090f37c65381933643a1a8b94d5d73a10027415a7c4baa3cae6549ad49ab2",
                "sha256:27d53e5b3cc409e643ef42cfffffd160bec28111aa60634c251e871d8e542416",
                "sha256:27d73b632648d392fd4003d7e19aedacd6ac1613f41abadef9ac5681b1da0a24",
                "sha256:28f21c16d624c3b2661c84a6bc68e0fa399fd352f858a092315fe40cd2e20b95",
                "sha256:2e1edba9bd3900f6434f563227ecb8dc4ebb2ca8e39106c0d48a1195a88a3415",
                "sha256:36dc03da451c2aef9a3ea521a453faa43474fc6c1d8b46706aee6c31a57d3552",
                "sha256:37a47d96224cadaa79cf64b10aad85604787fffb8913ec39bcad985f73588a55",
                "sha256:386d82efc745dd9676a4d372c57f8a0229482ad31d400024b6b5fad67bdb6496",
                "sha256:39139c1921cfebe4012149561cb3b8b46adad533e45fc306f8ba7ce5c112dac3",
                "sha256:40ca0f1294e7fdb16c386f532c13342d181084e986572c7bcf256cfe517d6529",
                "sha256:41af38280a9a633f30e284db648ae827327e8d2790e47dc1885780e4d08d35bf",
                "sha256:4704278136c6b86aef89adfe8878a72cfc20436d2a5c03bab141cd135a47c0a5",
                "sha256:48e4cf239875093790fa269d7a4f0cd532748d502488231512b3956d7f03295b",
                "sha256:4a0c807a70ea71b168ac0d358e26e97c4a0af06e6ee99e757a8e7d19ac18994a",
                "sha256:53190d6cf1a11cc7fa9f7f9f9c753c95ddad7d60eb4801cf5716b4f98216a82d",
                "sha256:54d9219992e4c849279297d4e3b076a01eca55a75d54e0d80d5c391f644ae7f3",
                "sha256:577043629a33ab932b484139a097cf26b19e64b833bde7a294f67077ddb4918e",
                "sha256:5b10a18f36add26752140ba48278198168c92d26c3b4d080079bc584fce778bf",
                "sha256:5b1b239b7b441f89edca8eeb75c334a4d47e1a4382c1c655f14802604e328a7f",
                "sha256:5f1b30c151af4b1f5b8cffff0537377fe4d544e53b4932933fb00714d6bf40d6",
                "sha256:5f95532fc075f5f416d1376ed5c5d2c67fbbc69d99abc80575a15ff3666b72c7",
                "sha256:612782329e9b9063f81365a26731efa4cf550afc8b0b2ae92d41df5c8fbc3acb",
                "sha256:64ebceb1012dbb2f9bb02a5ad51740f87666d627c6f302c4159c046fdb31a248",
                "sha256:65322a8fba16461eed85aa5ea10e062d72f31da2e49538c650f07675212ae1f1",
                "sha256:66de863f6fb5940b8eaa07ae2c5aa131bdff2f52aaa1d8ef960c44c164c00398",
                "sha256:682956726baaf73d8b5275289d1293f8fc2bc32433d0c211326b51c9e792ccc6",
                "sha256:6ad8cbbb653d41b3ee0079d02f65d811f8764ffdc138a7207bdd562d30299856",
                "sha256:6c46aa8d54a849aaf5faf69040976c059c325dbc1d927644904ff04f6f10fc55",
                "sha256:6db6795c4d1b596a862011949a6a6ea3824dfcff6cb4273f75a2f2ffdfffd4bb",
                "sha256:6f01b342ec64d0e47915c70f14596c2e06d126b92c3ea420b6cc0992c43a4312",
                "sha256:70f0646605177ebd4c3e658ba35a366fe9a33e67325cdd0b920c48ea768d8a82",
                "sha256:75280dd3ba402c565d0dfafd712f3c5ffd5b304ae488ecb09ee82732d5496bf6",
                "sha256:7df5518b2a92b0205e2bc52d954a74913e11263378db37265f220117092093eb",
                "sha256:841d93b90d71854378fc5ac6b52fb952428370f7672f20b12efcb93aa932b340",
                "sha256:84d1776b3c0bb4ecd5c2a6d37dc271f922752e80476aded3b6f2376bc5ab1ede",
                "sha256:8c9e18ff1a5ccf925ce800749d09a40ff7c20bcd47a7d53851880b5fedf5a591",
                "sha256:8cbe69dd5c4ee69935914b6052b09c70a387300c178b0b3ea1893f85010cabea",
                "sha256:92f9ef720dafe3b76a43f683f9455f5eb2d4dda8a595bc9cacf5741273facff5",
                "sha256:93fe7b56a44072828a49b15f74c0915ae5e301ec9caaedbe3c70c45df67389c6",
                "sha256:97110faa16598a488ddfe3022b5bd9b4db1d2ce1ee72db080876a80911feefad",
                "sha256:985ebdb2ede7f885ceea10d3f418847f31cfaad439d1c6fa9b6b7aa4606a1675",
                "sha256:9b646d2664342270d8cd4828a939675eaf62ad4c3df0633d0bd08d1df3715c2a",
                "sha256:9e2193eca5c588ca7565760f07d82bbc450dcab54294d8aa0b796ee8521f8485",
                "sha256:a1115967b13a1fe5388ede91caf296aa22e05a9f1b2fe4ab99f41bdf14af981a",
                "sha256:a15dde0bec401c7831782171d374f87f55600cdc5790611b947beea54d32dbf7",
                "sha256:a31e7c3cd447f29cce5a5a5270a0c5d355c8f7e55266346f1b71cbe61c35756e",
                "sha256:a68890ca4931eacc4149bcb5de8b2411c7cf8781d68373789cab48730fc50463",
                "sha256:aa713ac41c6f1e3fecca3a2608aeb35b1ba1feba7f0c52710ea1929609990c89",
                "sha256:b1629547bacb14fbd27f53f627b3adb7ec31e63c42b89d7c3ab66bb94d5d50b3",
                "sha256:b2bcaf9b72c36c4e55b2f279f8747a6ac5615a3486905b9188299fefaa5bcb09",
                "sha256:b5498add367e83d0f6bae32e9574cfeb2e3c95defb8dd446bf6b564171cdce7a",
                "sha256:b694a7569842869574320484c0463e75f94abe991e6a448616647fa18c1b78c8",
                "sha256:b8472d4239378f8a2e71a9f09f0ebc3b6eccf0a59b31ab91455c169b7784d41c",
                "sha256:bee699bee0f364af37729142abb0a0816f9785ba0bb968101dd9d8246da94301",
                "sha256:c267106b630a81d4f13e94ac206cedfcc0496be51c5158077466dafb5def80f0",
                "sha256:c2e4981f41cd1f0fa4632d04b3f2e31502ca85df0b588b22a9f20162611d6c61",
                "sha256:c5ba2e8c3d9ef1c1d745b4c9055283241c366ff8528494af4bf0224499a54712",
                "sha256:c6202fb9c2a1619bde05d742aa2abc2ccfa26ac9be895954172b588560b83c22",
                "sha256:c77ce22edfa612d3d0443fe600895431dc77ca1cfd9dcd3edaba48b28834fa90",
                "sha256:c8bf18398af539ba6550a8086d5b57db9580c36190a0644f1049463855b3aac7",
                "sha256:cfca724c38649c2b0efb56759d0f988e1b534f4148f90065578713400a053771",
                "sha256:da1af5315a070e6abfb2db8b616c1771479f35dca935acadd741cbde5b6ca7f5",
                "sha256:dc868967051010170eee023053d53255901e5f54dd0c34414c3914ab6504c179",
                "sha256:e2bb2341f5bc4ee42ee217d041f2f3af32b6d7031de60ea338274123914990f3",
                "sha256:e41d336e39e9d8e9d1d448a3ea86a2753fd97c83c7b2cc5abb0fc97f383d2108",
                "sha256:e7c05621e74e40c7ce66080e238ed7f9c23ea049ac7b3cb56360b5a34d407f15",
                "sha256:eba4646a81f88542568ad42c8b62819f476dbe786471f5dd8cd8b3f1d8d20df3",
                "sha256:ee677f27f1a464c851ea1dec5f7a4b3fe80b404895891adc442ac42fb9f7d178",
                "sha256:f5bf95f34aea88a745a3cd52b950a54152a85c246dba13d84abf192e12b941a0",
                "sha256:fdce51c6961ff19e6800b7ea706c7836a0eca932053b0c4a3fe19b16e556092d",
                "sha256:fe614fafdc09e3f58dfeb29534b63a17198a92e6b371a10818ace7044a8a94f0"
            ],
            "markers": "python_version >= '3.6'",
            "version": "==2022.9.11"
        },
        "requests": {
            "hashes": [
                "sha256:7c5599b102feddaa661c826c56ab4fee28bfd17f5abca1ebbe3e7f19d7c97983",
                "sha256:8fefa2a1a1365bf5520aac41836fbee479da67864514bdb821f31ce07ce65349"
            ],
            "markers": "python_version >= '3.7' and python_version < '4'",
            "version": "==2.28.1"
        },
        "sniffio": {
            "hashes": [
                "sha256:e60305c5e5d314f5389259b7f22aaa33d8f7dee49763119234af3755c55b9101",
                "sha256:eecefdce1e5bbfb7ad2eeaabf7c1eeb404d7757c379bd1f7e5cce9d8bf425384"
            ],
            "markers": "python_version >= '3.7'",
            "version": "==1.3.0"
        },
        "soupsieve": {
            "hashes": [
                "sha256:3b2503d3c7084a42b1ebd08116e5f81aadfaea95863628c80a3b774a11b7c759",
                "sha256:fc53893b3da2c33de295667a0e19f078c14bf86544af307354de5fcf12a3f30d"
            ],
            "markers": "python_version >= '3.6'",
            "version": "==2.3.2.post1"
        },
        "sqlparse": {
            "hashes": [
                "sha256:0c00730c74263a94e5a9919ade150dfc3b19c574389985446148402998287dae",
                "sha256:48719e356bb8b42991bdbb1e8b83223757b93789c00910a616a071910ca4a64d"
            ],
            "markers": "python_version >= '3.5'",
            "version": "==0.4.2"
        },
        "starlette": {
            "hashes": [
                "sha256:5a60c5c2d051f3a8eb546136aa0c9399773a689595e099e0877704d5888279bf",
                "sha256:c6d21096774ecb9639acad41b86b7706e52ba3bf1dc13ea4ed9ad593d47e24c7"
            ],
            "markers": "python_version >= '3.6'",
            "version": "==0.19.1"
        },
        "tokenizers": {
            "hashes": [
                "sha256:01abe6fbfe55e4131ca0c4c3d1a9d7ef5df424a8d536e998d2a4fc0bc57935f4",
                "sha256:070746f86efa6c873db341e55cf17bb5e7bdd5450330ca8eca542f5c3dab2c66",
                "sha256:0bf2380ad59c50222959a9b6f231339200a826fc5cb2be09ff96d8a59f65fc5e",
                "sha256:2158baf80cbc09259bfd6e0e0fc4597b611e7a72ad5443dad63918a90f1dd304",
                "sha256:230f51a0a82ca7b90077eaca2415f12ff9bd144607888b9c50c2ee543452322e",
                "sha256:258873634406bd1d438c799993a5e44bbc0132ff055985c03c4fe30f702e9a33",
                "sha256:27d93b712aa2d4346aa506ecd4ec9e94edeebeaf2d484357b482cdeffc02b5f5",
                "sha256:28825dade9e52ad464164020758f9d49eb7251c32b6ae146601c506a23c67c0e",
                "sha256:38625595b2fd37bfcce64ff9bfb6868c07e9a7b7f205c909d94a615ce9472287",
                "sha256:3f2647cc256d6a53d18b9dcd71d377828e9f8991fbcbd6fcd8ca2ceb174552b0",
                "sha256:411ebc89228f30218ffa9d9c49d414864b0df5026a47c24820431821c4360460",
                "sha256:419d113e3bcc4fe20a313afc47af81e62906306b08fe1601e1443d747d46af1f",
                "sha256:5188e13fc09edfe05712ca3ae5a44e7f2b0137927b1ca210d0fad90d3e58315a",
                "sha256:53b5f4012ce3ffddd5b00827441b80dc7a0f6b41f4fc5248ae6d36e7d3920c6d",
                "sha256:619728df2551bdfe6f96ff177f9ded958e7ed9e2af94c8d5ac2834d1eb06d112",
                "sha256:62a723bd4b18bc55121f5c34cd8efd6c651f2d3b81f81dd50e5351fb65b8a617",
                "sha256:664f36f0a0d409c24f2201d495161fec4d8bc93e091fbb78814eb426f29905a3",
                "sha256:6a38b2019d4807d42afeff603a119094ee00f63bea2921136524c8814e9003f8",
                "sha256:6a7a106d04154c2159db6cd7d042af2e2e0e53aee432f872fe6c8be45100436a",
                "sha256:7c5c54080a7d5c89c990e0d478e0882dbac88926d43323a3aa236492a3c9455f",
                "sha256:7d43de14b4469b57490dbaf136a31c266cb676fa22320f01f230af9219ae9034",
                "sha256:7f4cb68dc538b52240d1986d2034eb0a6373be2ab5f0787d1be3ad1444ce71b7",
                "sha256:8cea98f3f9577d1541b7bb0f7a3308a911751067e1d83e01485c9d3411bbf087",
                "sha256:8d4339c376b695de2ad8ccaebffa75e4dc1d7857be1103d80e7925b34af8cf78",
                "sha256:91906d725cb84d8ee71ce05fbb155d39d494849622b4f9349e5176a8eb01c49b",
                "sha256:ae6c04b629ac2cd2f695739988cb70b9bd8d5e7f849f5b14c4510e942bee5770",
                "sha256:b9779944559cb7ace6a8516e402895f239b0d9d3c833c67dbaec496310e7e206",
                "sha256:bdbca79726fe883c696088ea163715b2f902aec638a8e24bcf9790ff8fa45019",
                "sha256:cdeba37c2fb44e1aec8a72af4cb369655b59ba313181b1b4b8183f08e759c49c",
                "sha256:d737df0f8f26e093a82bfb106b6cfb510a0e9302d35834568e5b20b73ddc5a9c",
                "sha256:eff5ff411f18a201eec137b7b32fcb55e0c48b372d370bd24f965f5bad471fa4",
                "sha256:f1271224acafb27639c432e1ce4e7d38eab40305ba1c546e871d5c8a32f4f195",
                "sha256:fde8dccb9033fa344ffce3ee1837939a50e7a210a768f1cf2059beeafa755481"
            ],
            "version": "==0.12.1"
        },
        "tqdm": {
            "hashes": [
                "sha256:5f4f682a004951c1b450bc753c710e9280c5746ce6ffedee253ddbcbf54cf1e4",
                "sha256:6fee160d6ffcd1b1c68c65f14c829c22832bc401726335ce92c52d395944a6a1"
            ],
            "markers": "python_version >= '2.7' and python_version not in '3.0, 3.1, 3.2, 3.3'",
            "version": "==4.64.1"
        },
        "transformers": {
            "hashes": [
                "sha256:a6a105f96543614726a02e026a92b181c94931fc694d9be3609e0fb49b6f6f76",
                "sha256:bedd632929ceb0c27bfb19543624e41a16a8ca9c45a51d86b9da7edce3890a47"
            ],
            "index": "pypi",
            "version": "==4.21.3"
        },
        "typing-extensions": {
            "hashes": [
                "sha256:25642c956049920a5aa49edcdd6ab1e06d7e5d467fc00e0506c44ac86fbfca02",
                "sha256:e6d2677a32f47fc7eb2795db1dd15c1f34eff616bcaf2cfb5e997f854fa1c4a6"
            ],
            "markers": "python_version >= '3.7'",
            "version": "==4.3.0"
        },
        "urllib3": {
            "hashes": [
                "sha256:3fa96cf423e6987997fc326ae8df396db2a8b7c667747d47ddd8ecba91f4a74e",
                "sha256:b930dd878d5a8afb066a637fbb35144fe7901e3b209d1cd4f524bd0e9deee997"
            ],
            "markers": "python_version >= '2.7' and python_version not in '3.0, 3.1, 3.2, 3.3, 3.4, 3.5' and python_version < '4'",
            "version": "==1.26.12"
        }
    },
    "develop": {}
}
